
Microsoft Visual Studio Solution File, Format Version 12.00
# Visual Studio 15
VisualStudioVersion = 15.0.28307.572
MinimumVisualStudioVersion = 10.0.40219.1
Project("{9A19103F-16F7-4668-BE54-9A1E7A4F7556}") = "Postiviidakko", "Postiviidakko\Postiviidakko.csproj", "{C2466B6B-CBDD-4C4F-BD77-709534FE2D7F}"
EndProject
Project("{9A19103F-16F7-4668-BE54-9A1E7A4F7556}") = "PostiviidakkoRequestInfoCreator", "PostiviidakkoRequestInfoCreator\PostiviidakkoRequestInfoCreator.csproj", "{4EAAABC6-353C-4F99-A69F-059852294253}"
EndProject
Global
	GlobalSection(SolutionConfigurationPlatforms) = preSolution
		Debug|Any CPU = Debug|Any CPU
		Release|Any CPU = Release|Any CPU
	EndGlobalSection
	GlobalSection(ProjectConfigurationPlatforms) = postSolution
		{C2466B6B-CBDD-4C4F-BD77-709534FE2D7F}.Debug|Any CPU.ActiveCfg = Debug|Any CPU
		{C2466B6B-CBDD-4C4F-BD77-709534FE2D7F}.Debug|Any CPU.Build.0 = Debug|Any CPU
		{C2466B6B-CBDD-4C4F-BD77-709534FE2D7F}.Release|Any CPU.ActiveCfg = Release|Any CPU
		{C2466B6B-CBDD-4C4F-BD77-709534FE2D7F}.Release|Any CPU.Build.0 = Release|Any CPU
		{4EAAABC6-353C-4F99-A69F-059852294253}.Debug|Any CPU.ActiveCfg = Debug|Any CPU
		{4EAAABC6-353C-4F99-A69F-059852294253}.Debug|Any CPU.Build.0 = Debug|Any CPU
		{4EAAABC6-353C-4F99-A69F-059852294253}.Release|Any CPU.ActiveCfg = Release|Any CPU
		{4EAAABC6-353C-4F99-A69F-059852294253}.Release|Any CPU.Build.0 = Release|Any CPU
	EndGlobalSection
	GlobalSection(SolutionProperties) = preSolution
		HideSolutionNode = FALSE
	EndGlobalSection
	GlobalSection(ExtensibilityGlobals) = postSolution
		SolutionGuid = {7D55D742-263F-4463-A12E-04FC28BE8A36}
	EndGlobalSection
EndGlobal
